
Microsoft Visual Studio Solution File, Format Version 12.00
# Visual Studio 15
VisualStudioVersion = 15.0.27130.2027
MinimumVisualStudioVersion = 10.0.40219.1
Project("{FAE04EC0-301F-11D3-BF4B-00C04F79EFBC}") = "OrganaizerApp.Android", "OrganaizerApp\OrganaizerApp.Android\OrganaizerApp.Android.csproj", "{2C96EC93-CBB6-420A-B539-1C73210FE359}"
EndProject
Project("{FAE04EC0-301F-11D3-BF4B-00C04F79EFBC}") = "OrganaizerApp.iOS", "OrganaizerApp\OrganaizerApp.iOS\OrganaizerApp.iOS.csproj", "{18786170-7C79-4C7F-8947-AF806D6A0100}"
EndProject
Project("{FAE04EC0-301F-11D3-BF4B-00C04F79EFBC}") = "OrganaizerApp.UWP", "OrganaizerApp\OrganaizerApp.UWP\OrganaizerApp.UWP.csproj", "{C15BB108-939C-4145-9C5B-54574D7AFB59}"
EndProject
Project("{FAE04EC0-301F-11D3-BF4B-00C04F79EFBC}") = "OrganaizerApp", "OrganaizerApp\OrganaizerApp\OrganaizerApp.csproj", "{73C36935-9904-4E92-9922-9A72C2F15229}"
EndProject
Global
	GlobalSection(SolutionConfigurationPlatforms) = preSolution
		Ad-Hoc|Any CPU = Ad-Hoc|Any CPU
		Ad-Hoc|ARM = Ad-Hoc|ARM
		Ad-Hoc|iPhone = Ad-Hoc|iPhone
		Ad-Hoc|iPhoneSimulator = Ad-Hoc|iPhoneSimulator
		Ad-Hoc|x64 = Ad-Hoc|x64
		Ad-Hoc|x86 = Ad-Hoc|x86
		AppStore|Any CPU = AppStore|Any CPU
		AppStore|ARM = AppStore|ARM
		AppStore|iPhone = AppStore|iPhone
		AppStore|iPhoneSimulator = AppStore|iPhoneSimulator
		AppStore|x64 = AppStore|x64
		AppStore|x86 = AppStore|x86
		Debug|Any CPU = Debug|Any CPU
		Debug|ARM = Debug|ARM
		Debug|iPhone = Debug|iPhone
		Debug|iPhoneSimulator = Debug|iPhoneSimulator
		Debug|x64 = Debug|x64
		Debug|x86 = Debug|x86
		Release|Any CPU = Release|Any CPU
		Release|ARM = Release|ARM
		Release|iPhone = Release|iPhone
		Release|iPhoneSimulator = Release|iPhoneSimulator
		Release|x64 = Release|x64
		Release|x86 = Release|x86
	EndGlobalSection
	GlobalSection(ProjectConfigurationPlatforms) = postSolution
		{2C96EC93-CBB6-420A-B539-1C73210FE359}.Ad-Hoc|Any CPU.ActiveCfg = Release|Any CPU
		{2C96EC93-CBB6-420A-B539-1C73210FE359}.Ad-Hoc|Any CPU.Build.0 = Release|Any CPU
		{2C96EC93-CBB6-420A-B539-1C73210FE359}.Ad-Hoc|Any CPU.Deploy.0 = Release|Any CPU
		{2C96EC93-CBB6-420A-B539-1C73210FE359}.Ad-Hoc|ARM.ActiveCfg = Release|Any CPU
		{2C96EC93-CBB6-420A-B539-1C73210FE359}.Ad-Hoc|ARM.Build.0 = Release|Any CPU
		{2C96EC93-CBB6-420A-B539-1C73210FE359}.Ad-Hoc|ARM.Deploy.0 = Release|Any CPU
		{2C96EC93-CBB6-420A-B539-1C73210FE359}.Ad-Hoc|iPhone.ActiveCfg = Release|Any CPU
		{2C96EC93-CBB6-420A-B539-1C73210FE359}.Ad-Hoc|iPhone.Build.0 = Release|Any CPU
		{2C96EC93-CBB6-420A-B539-1C73210FE359}.Ad-Hoc|iPhone.Deploy.0 = Release|Any CPU
		{2C96EC93-CBB6-420A-B539-1C73210FE359}.Ad-Hoc|iPhoneSimulator.ActiveCfg = Release|Any CPU
		{2C96EC93-CBB6-420A-B539-1C73210FE359}.Ad-Hoc|iPhoneSimulator.Build.0 = Release|Any CPU
		{2C96EC93-CBB6-420A-B539-1C73210FE359}.Ad-Hoc|iPhoneSimulator.Deploy.0 = Release|Any CPU
		{2C96EC93-CBB6-420A-B539-1C73210FE359}.Ad-Hoc|x64.ActiveCfg = Release|Any CPU
		{2C96EC93-CBB6-420A-B539-1C73210FE359}.Ad-Hoc|x64.Build.0 = Release|Any CPU
		{2C96EC93-CBB6-420A-B539-1C73210FE359}.Ad-Hoc|x64.Deploy.0 = Release|Any CPU
		{2C96EC93-CBB6-420A-B539-1C73210FE359}.Ad-Hoc|x86.ActiveCfg = Release|Any CPU
		{2C96EC93-CBB6-420A-B539-1C73210FE359}.Ad-Hoc|x86.Build.0 = Release|Any CPU
		{2C96EC93-CBB6-420A-B539-1C73210FE359}.Ad-Hoc|x86.Deploy.0 = Release|Any CPU
		{2C96EC93-CBB6-420A-B539-1C73210FE359}.AppStore|Any CPU.ActiveCfg = Release|Any CPU
		{2C96EC93-CBB6-420A-B539-1C73210FE359}.AppStore|Any CPU.Build.0 = Release|Any CPU
		{2C96EC93-CBB6-420A-B539-1C73210FE359}.AppStore|Any CPU.Deploy.0 = Release|Any CPU
		{2C96EC93-CBB6-420A-B539-1C73210FE359}.AppStore|ARM.ActiveCfg = Release|Any CPU
		{2C96EC93-CBB6-420A-B539-1C73210FE359}.AppStore|ARM.Build.0 = Release|Any CPU
		{2C96EC93-CBB6-420A-B539-1C73210FE359}.AppStore|ARM.Deploy.0 = Release|Any CPU
		{2C96EC93-CBB6-420A-B539-1C73210FE359}.AppStore|iPhone.ActiveCfg = Release|Any CPU
		{2C96EC93-CBB6-420A-B539-1C73210FE359}.AppStore|iPhone.Build.0 = Release|Any CPU
		{2C96EC93-CBB6-420A-B539-1C73210FE359}.AppStore|iPhone.Deploy.0 = Release|Any CPU
		{2C96EC93-CBB6-420A-B539-1C73210FE359}.AppStore|iPhoneSimulator.ActiveCfg = Release|Any CPU
		{2C96EC93-CBB6-420A-B539-1C73210FE359}.AppStore|iPhoneSimulator.Build.0 = Release|Any CPU
		{2C96EC93-CBB6-420A-B539-1C73210FE359}.AppStore|iPhoneSimulator.Deploy.0 = Release|Any CPU
		{2C96EC93-CBB6-420A-B539-1C73210FE359}.AppStore|x64.ActiveCfg = Release|Any CPU
		{2C96EC93-CBB6-420A-B539-1C73210FE359}.AppStore|x64.Build.0 = Release|Any CPU
		{2C96EC93-CBB6-420A-B539-1C73210FE359}.AppStore|x64.Deploy.0 = Release|Any CPU
		{2C96EC93-CBB6-420A-B539-1C73210FE359}.AppStore|x86.ActiveCfg = Release|Any CPU
		{2C96EC93-CBB6-420A-B539-1C73210FE359}.AppStore|x86.Build.0 = Release|Any CPU
		{2C96EC93-CBB6-420A-B539-1C73210FE359}.AppStore|x86.Deploy.0 = Release|Any CPU
		{2C96EC93-CBB6-420A-B539-1C73210FE359}.Debug|Any CPU.ActiveCfg = Debug|Any CPU
		{2C96EC93-CBB6-420A-B539-1C73210FE359}.Debug|Any CPU.Build.0 = Debug|Any CPU
		{2C96EC93-CBB6-420A-B539-1C73210FE359}.Debug|Any CPU.Deploy.0 = Debug|Any CPU
		{2C96EC93-CBB6-420A-B539-1C73210FE359}.Debug|ARM.ActiveCfg = Debug|Any CPU
		{2C96EC93-CBB6-420A-B539-1C73210FE359}.Debug|ARM.Build.0 = Debug|Any CPU
		{2C96EC93-CBB6-420A-B539-1C73210FE359}.Debug|ARM.Deploy.0 = Debug|Any CPU
		{2C96EC93-CBB6-420A-B539-1C73210FE359}.Debug|iPhone.ActiveCfg = Debug|Any CPU
		{2C96EC93-CBB6-420A-B539-1C73210FE359}.Debug|iPhone.Build.0 = Debug|Any CPU
		{2C96EC93-CBB6-420A-B539-1C73210FE359}.Debug|iPhone.Deploy.0 = Debug|Any CPU
		{2C96EC93-CBB6-420A-B539-1C73210FE359}.Debug|iPhoneSimulator.ActiveCfg = Debug|Any CPU
		{2C96EC93-CBB6-420A-B539-1C73210FE359}.Debug|iPhoneSimulator.Build.0 = Debug|Any CPU
		{2C96EC93-CBB6-420A-B539-1C73210FE359}.Debug|iPhoneSimulator.Deploy.0 = Debug|Any CPU
		{2C96EC93-CBB6-420A-B539-1C73210FE359}.Debug|x64.ActiveCfg = Debug|Any CPU
		{2C96EC93-CBB6-420A-B539-1C73210FE359}.Debug|x64.Build.0 = Debug|Any CPU
		{2C96EC93-CBB6-420A-B539-1C73210FE359}.Debug|x64.Deploy.0 = Debug|Any CPU
		{2C96EC93-CBB6-420A-B539-1C73210FE359}.Debug|x86.ActiveCfg = Debug|Any CPU
		{2C96EC93-CBB6-420A-B539-1C73210FE359}.Debug|x86.Build.0 = Debug|Any CPU
		{2C96EC93-CBB6-420A-B539-1C73210FE359}.Debug|x86.Deploy.0 = Debug|Any CPU
		{2C96EC93-CBB6-420A-B539-1C73210FE359}.Release|Any CPU.ActiveCfg = Release|Any CPU
		{2C96EC93-CBB6-420A-B539-1C73210FE359}.Release|Any CPU.Build.0 = Release|Any CPU
		{2C96EC93-CBB6-420A-B539-1C73210FE359}.Release|Any CPU.Deploy.0 = Release|Any CPU
		{2C96EC93-CBB6-420A-B539-1C73210FE359}.Release|ARM.ActiveCfg = Release|Any CPU
		{2C96EC93-CBB6-420A-B539-1C73210FE359}.Release|ARM.Build.0 = Release|Any CPU
		{2C96EC93-CBB6-420A-B539-1C73210FE359}.Release|ARM.Deploy.0 = Release|Any CPU
		{2C96EC93-CBB6-420A-B539-1C73210FE359}.Release|iPhone.ActiveCfg = Release|Any CPU
		{2C96EC93-CBB6-420A-B539-1C73210FE359}.Release|iPhone.Build.0 = Release|Any CPU
		{2C96EC93-CBB6-420A-B539-1C73210FE359}.Release|iPhone.Deploy.0 = Release|Any CPU
		{2C96EC93-CBB6-420A-B539-1C73210FE359}.Release|iPhoneSimulator.ActiveCfg = Release|Any CPU
		{2C96EC93-CBB6-420A-B539-1C73210FE359}.Release|iPhoneSimulator.Build.0 = Release|Any CPU
		{2C96EC93-CBB6-420A-B539-1C73210FE359}.Release|iPhoneSimulator.Deploy.0 = Release|Any CPU
		{2C96EC93-CBB6-420A-B539-1C73210FE359}.Release|x64.ActiveCfg = Release|Any CPU
		{2C96EC93-CBB6-420A-B539-1C73210FE359}.Release|x64.Build.0 = Release|Any CPU
		{2C96EC93-CBB6-420A-B539-1C73210FE359}.Release|x64.Deploy.0 = Release|Any CPU
		{2C96EC93-CBB6-420A-B539-1C73210FE359}.Release|x86.ActiveCfg = Release|Any CPU
		{2C96EC93-CBB6-420A-B539-1C73210FE359}.Release|x86.Build.0 = Release|Any CPU
		{2C96EC93-CBB6-420A-B539-1C73210FE359}.Release|x86.Deploy.0 = Release|Any CPU
		{18786170-7C79-4C7F-8947-AF806D6A0100}.Ad-Hoc|Any CPU.ActiveCfg = Ad-Hoc|iPhone
		{18786170-7C79-4C7F-8947-AF806D6A0100}.Ad-Hoc|ARM.ActiveCfg = Ad-Hoc|iPhone
		{18786170-7C79-4C7F-8947-AF806D6A0100}.Ad-Hoc|iPhone.ActiveCfg = Ad-Hoc|iPhone
		{18786170-7C79-4C7F-8947-AF806D6A0100}.Ad-Hoc|iPhone.Build.0 = Ad-Hoc|iPhone
		{18786170-7C79-4C7F-8947-AF806D6A0100}.Ad-Hoc|iPhoneSimulator.ActiveCfg = Ad-Hoc|iPhoneSimulator
		{18786170-7C79-4C7F-8947-AF806D6A0100}.Ad-Hoc|iPhoneSimulator.Build.0 = Ad-Hoc|iPhoneSimulator
		{18786170-7C79-4C7F-8947-AF806D6A0100}.Ad-Hoc|x64.ActiveCfg = Ad-Hoc|iPhone
		{18786170-7C79-4C7F-8947-AF806D6A0100}.Ad-Hoc|x86.ActiveCfg = Ad-Hoc|iPhone
		{18786170-7C79-4C7F-8947-AF806D6A0100}.AppStore|Any CPU.ActiveCfg = AppStore|iPhone
		{18786170-7C79-4C7F-8947-AF806D6A0100}.AppStore|ARM.ActiveCfg = AppStore|iPhone
		{18786170-7C79-4C7F-8947-AF806D6A0100}.AppStore|iPhone.ActiveCfg = AppStore|iPhone
		{18786170-7C79-4C7F-8947-AF806D6A0100}.AppStore|iPhone.Build.0 = AppStore|iPhone
		{18786170-7C79-4C7F-8947-AF806D6A0100}.AppStore|iPhoneSimulator.ActiveCfg = AppStore|iPhoneSimulator
		{18786170-7C79-4C7F-8947-AF806D6A0100}.AppStore|iPhoneSimulator.Build.0 = AppStore|iPhoneSimulator
		{18786170-7C79-4C7F-8947-AF806D6A0100}.AppStore|x64.ActiveCfg = AppStore|iPhone
		{18786170-7C79-4C7F-8947-AF806D6A0100}.AppStore|x86.ActiveCfg = AppStore|iPhone
		{18786170-7C79-4C7F-8947-AF806D6A0100}.Debug|Any CPU.ActiveCfg = Debug|iPhone
		{18786170-7C79-4C7F-8947-AF806D6A0100}.Debug|ARM.ActiveCfg = Debug|iPhone
		{18786170-7C79-4C7F-8947-AF806D6A0100}.Debug|iPhone.ActiveCfg = Debug|iPhone
		{18786170-7C79-4C7F-8947-AF806D6A0100}.Debug|iPhone.Build.0 = Debug|iPhone
		{18786170-7C79-4C7F-8947-AF806D6A0100}.Debug|iPhoneSimulator.ActiveCfg = Debug|iPhoneSimulator
		{18786170-7C79-4C7F-8947-AF806D6A0100}.Debug|iPhoneSimulator.Build.0 = Debug|iPhoneSimulator
		{18786170-7C79-4C7F-8947-AF806D6A0100}.Debug|x64.ActiveCfg = Debug|iPhone
		{18786170-7C79-4C7F-8947-AF806D6A0100}.Debug|x86.ActiveCfg = Debug|iPhone
		{18786170-7C79-4C7F-8947-AF806D6A0100}.Release|Any CPU.ActiveCfg = Release|iPhone
		{18786170-7C79-4C7F-8947-AF806D6A0100}.Release|ARM.ActiveCfg = Release|iPhone
		{18786170-7C79-4C7F-8947-AF806D6A0100}.Release|iPhone.ActiveCfg = Release|iPhone
		{18786170-7C79-4C7F-8947-AF806D6A0100}.Release|iPhone.Build.0 = Release|iPhone
		{18786170-7C79-4C7F-8947-AF806D6A0100}.Release|iPhoneSimulator.ActiveCfg = Release|iPhoneSimulator
		{18786170-7C79-4C7F-8947-AF806D6A0100}.Release|iPhoneSimulator.Build.0 = Release|iPhoneSimulator
		{18786170-7C79-4C7F-8947-AF806D6A0100}.Release|x64.ActiveCfg = Release|iPhone
		{18786170-7C79-4C7F-8947-AF806D6A0100}.Release|x86.ActiveCfg = Release|iPhone
		{C15BB108-939C-4145-9C5B-54574D7AFB59}.Ad-Hoc|Any CPU.ActiveCfg = Release|x86
		{C15BB108-939C-4145-9C5B-54574D7AFB59}.Ad-Hoc|Any CPU.Build.0 = Release|x86
		{C15BB108-939C-4145-9C5B-54574D7AFB59}.Ad-Hoc|Any CPU.Deploy.0 = Release|x86
		{C15BB108-939C-4145-9C5B-54574D7AFB59}.Ad-Hoc|ARM.ActiveCfg = Release|ARM
		{C15BB108-939C-4145-9C5B-54574D7AFB59}.Ad-Hoc|ARM.Build.0 = Release|ARM
		{C15BB108-939C-4145-9C5B-54574D7AFB59}.Ad-Hoc|ARM.Deploy.0 = Release|ARM
		{C15BB108-939C-4145-9C5B-54574D7AFB59}.Ad-Hoc|iPhone.ActiveCfg = Release|x86
		{C15BB108-939C-4145-9C5B-54574D7AFB59}.Ad-Hoc|iPhone.Build.0 = Release|x86
		{C15BB108-939C-4145-9C5B-54574D7AFB59}.Ad-Hoc|iPhone.Deploy.0 = Release|x86
		{C15BB108-939C-4145-9C5B-54574D7AFB59}.Ad-Hoc|iPhoneSimulator.ActiveCfg = Release|x86
		{C15BB108-939C-4145-9C5B-54574D7AFB59}.Ad-Hoc|iPhoneSimulator.Build.0 = Release|x86
		{C15BB108-939C-4145-9C5B-54574D7AFB59}.Ad-Hoc|iPhoneSimulator.Deploy.0 = Release|x86
		{C15BB108-939C-4145-9C5B-54574D7AFB59}.Ad-Hoc|x64.ActiveCfg = Release|x64
		{C15BB108-939C-4145-9C5B-54574D7AFB59}.Ad-Hoc|x64.Build.0 = Release|x64
		{C15BB108-939C-4145-9C5B-54574D7AFB59}.Ad-Hoc|x64.Deploy.0 = Release|x64
		{C15BB108-939C-4145-9C5B-54574D7AFB59}.Ad-Hoc|x86.ActiveCfg = Release|x86
		{C15BB108-939C-4145-9C5B-54574D7AFB59}.Ad-Hoc|x86.Build.0 = Release|x86
		{C15BB108-939C-4145-9C5B-54574D7AFB59}.Ad-Hoc|x86.Deploy.0 = Release|x86
		{C15BB108-939C-4145-9C5B-54574D7AFB59}.AppStore|Any CPU.ActiveCfg = Release|x86
		{C15BB108-939C-4145-9C5B-54574D7AFB59}.AppStore|Any CPU.Build.0 = Release|x86
		{C15BB108-939C-4145-9C5B-54574D7AFB59}.AppStore|Any CPU.Deploy.0 = Release|x86
		{C15BB108-939C-4145-9C5B-54574D7AFB59}.AppStore|ARM.ActiveCfg = Release|ARM
		{C15BB108-939C-4145-9C5B-54574D7AFB59}.AppStore|ARM.Build.0 = Release|ARM
		{C15BB108-939C-4145-9C5B-54574D7AFB59}.AppStore|ARM.Deploy.0 = Release|ARM
		{C15BB108-939C-4145-9C5B-54574D7AFB59}.AppStore|iPhone.ActiveCfg = Release|x86
		{C15BB108-939C-4145-9C5B-54574D7AFB59}.AppStore|iPhone.Build.0 = Release|x86
		{C15BB108-939C-4145-9C5B-54574D7AFB59}.AppStore|iPhone.Deploy.0 = Release|x86
		{C15BB108-939C-4145-9C5B-54574D7AFB59}.AppStore|iPhoneSimulator.ActiveCfg = Release|x86
		{C15BB108-939C-4145-9C5B-54574D7AFB59}.AppStore|iPhoneSimulator.Build.0 = Release|x86
		{C15BB108-939C-4145-9C5B-54574D7AFB59}.AppStore|iPhoneSimulator.Deploy.0 = Release|x86
		{C15BB108-939C-4145-9C5B-54574D7AFB59}.AppStore|x64.ActiveCfg = Release|x64
		{C15BB108-939C-4145-9C5B-54574D7AFB59}.AppStore|x64.Build.0 = Release|x64
		{C15BB108-939C-4145-9C5B-54574D7AFB59}.AppStore|x64.Deploy.0 = Release|x64
		{C15BB108-939C-4145-9C5B-54574D7AFB59}.AppStore|x86.ActiveCfg = Release|x86
		{C15BB108-939C-4145-9C5B-54574D7AFB59}.AppStore|x86.Build.0 = Release|x86
		{C15BB108-939C-4145-9C5B-54574D7AFB59}.AppStore|x86.Deploy.0 = Release|x86
		{C15BB108-939C-4145-9C5B-54574D7AFB59}.Debug|Any CPU.ActiveCfg = Debug|x86
		{C15BB108-939C-4145-9C5B-54574D7AFB59}.Debug|ARM.ActiveCfg = Debug|ARM
		{C15BB108-939C-4145-9C5B-54574D7AFB59}.Debug|ARM.Build.0 = Debug|ARM
		{C15BB108-939C-4145-9C5B-54574D7AFB59}.Debug|ARM.Deploy.0 = Debug|ARM
		{C15BB108-939C-4145-9C5B-54574D7AFB59}.Debug|iPhone.ActiveCfg = Debug|x86
		{C15BB108-939C-4145-9C5B-54574D7AFB59}.Debug|iPhoneSimulator.ActiveCfg = Debug|x86
		{C15BB108-939C-4145-9C5B-54574D7AFB59}.Debug|x64.ActiveCfg = Debug|x64
		{C15BB108-939C-4145-9C5B-54574D7AFB59}.Debug|x64.Build.0 = Debug|x64
		{C15BB108-939C-4145-9C5B-54574D7AFB59}.Debug|x64.Deploy.0 = Debug|x64
		{C15BB108-939C-4145-9C5B-54574D7AFB59}.Debug|x86.ActiveCfg = Debug|x86
		{C15BB108-939C-4145-9C5B-54574D7AFB59}.Debug|x86.Build.0 = Debug|x86
		{C15BB108-939C-4145-9C5B-54574D7AFB59}.Debug|x86.Deploy.0 = Debug|x86
		{C15BB108-939C-4145-9C5B-54574D7AFB59}.Release|Any CPU.ActiveCfg = Release|x86
		{C15BB108-939C-4145-9C5B-54574D7AFB59}.Release|ARM.ActiveCfg = Release|ARM
		{C15BB108-939C-4145-9C5B-54574D7AFB59}.Release|ARM.Build.0 = Release|ARM
		{C15BB108-939C-4145-9C5B-54574D7AFB59}.Release|ARM.Deploy.0 = Release|ARM
		{C15BB108-939C-4145-9C5B-54574D7AFB59}.Release|iPhone.ActiveCfg = Release|x86
		{C15BB108-939C-4145-9C5B-54574D7AFB59}.Release|iPhoneSimulator.ActiveCfg = Release|x86
		{C15BB108-939C-4145-9C5B-54574D7AFB59}.Release|x64.ActiveCfg = Release|x64
		{C15BB108-939C-4145-9C5B-54574D7AFB59}.Release|x64.Build.0 = Release|x64
		{C15BB108-939C-4145-9C5B-54574D7AFB59}.Release|x64.Deploy.0 = Release|x64
		{C15BB108-939C-4145-9C5B-54574D7AFB59}.Release|x86.ActiveCfg = Release|x86
		{C15BB108-939C-4145-9C5B-54574D7AFB59}.Release|x86.Build.0 = Release|x86
		{C15BB108-939C-4145-9C5B-54574D7AFB59}.Release|x86.Deploy.0 = Release|x86
		{73C36935-9904-4E92-9922-9A72C2F15229}.Ad-Hoc|Any CPU.ActiveCfg = Debug|Any CPU
		{73C36935-9904-4E92-9922-9A72C2F15229}.Ad-Hoc|Any CPU.Build.0 = Debug|Any CPU
		{73C36935-9904-4E92-9922-9A72C2F15229}.Ad-Hoc|ARM.ActiveCfg = Debug|Any CPU
		{73C36935-9904-4E92-9922-9A72C2F15229}.Ad-Hoc|ARM.Build.0 = Debug|Any CPU
		{73C36935-9904-4E92-9922-9A72C2F15229}.Ad-Hoc|iPhone.ActiveCfg = Debug|Any CPU
		{73C36935-9904-4E92-9922-9A72C2F15229}.Ad-Hoc|iPhone.Build.0 = Debug|Any CPU
		{73C36935-9904-4E92-9922-9A72C2F15229}.Ad-Hoc|iPhoneSimulator.ActiveCfg = Debug|Any CPU
		{73C36935-9904-4E92-9922-9A72C2F15229}.Ad-Hoc|iPhoneSimulator.Build.0 = Debug|Any CPU
		{73C36935-9904-4E92-9922-9A72C2F15229}.Ad-Hoc|x64.ActiveCfg = Debug|Any CPU
		{73C36935-9904-4E92-9922-9A72C2F15229}.Ad-Hoc|x64.Build.0 = Debug|Any CPU
		{73C36935-9904-4E92-9922-9A72C2F15229}.Ad-Hoc|x86.ActiveCfg = Debug|Any CPU
		{73C36935-9904-4E92-9922-9A72C2F15229}.Ad-Hoc|x86.Build.0 = Debug|Any CPU
		{73C36935-9904-4E92-9922-9A72C2F15229}.AppStore|Any CPU.ActiveCfg = Debug|Any CPU
		{73C36935-9904-4E92-9922-9A72C2F15229}.AppStore|Any CPU.Build.0 = Debug|Any CPU
		{73C36935-9904-4E92-9922-9A72C2F15229}.AppStore|ARM.ActiveCfg = Debug|Any CPU
		{73C36935-9904-4E92-9922-9A72C2F15229}.AppStore|ARM.Build.0 = Debug|Any CPU
		{73C36935-9904-4E92-9922-9A72C2F15229}.AppStore|iPhone.ActiveCfg = Debug|Any CPU
		{73C36935-9904-4E92-9922-9A72C2F15229}.AppStore|iPhone.Build.0 = Debug|Any CPU
		{73C36935-9904-4E92-9922-9A72C2F15229}.AppStore|iPhoneSimulator.ActiveCfg = Debug|Any CPU
		{73C36935-9904-4E92-9922-9A72C2F15229}.AppStore|iPhoneSimulator.Build.0 = Debug|Any CPU
		{73C36935-9904-4E92-9922-9A72C2F15229}.AppStore|x64.ActiveCfg = Debug|Any CPU
		{73C36935-9904-4E92-9922-9A72C2F15229}.AppStore|x64.Build.0 = Debug|Any CPU
		{73C36935-9904-4E92-9922-9A72C2F15229}.AppStore|x86.ActiveCfg = Debug|Any CPU
		{73C36935-9904-4E92-9922-9A72C2F15229}.AppStore|x86.Build.0 = Debug|Any CPU
		{73C36935-9904-4E92-9922-9A72C2F15229}.Debug|Any CPU.ActiveCfg = Debug|Any CPU
		{73C36935-9904-4E92-9922-9A72C2F15229}.Debug|Any CPU.Build.0 = Debug|Any CPU
		{73C36935-9904-4E92-9922-9A72C2F15229}.Debug|ARM.ActiveCfg = Debug|Any CPU
		{73C36935-9904-4E92-9922-9A72C2F15229}.Debug|ARM.Build.0 = Debug|Any CPU
		{73C36935-9904-4E92-9922-9A72C2F15229}.Debug|iPhone.ActiveCfg = Debug|Any CPU
		{73C36935-9904-4E92-9922-9A72C2F15229}.Debug|iPhone.Build.0 = Debug|Any CPU
		{73C36935-9904-4E92-9922-9A72C2F15229}.Debug|iPhoneSimulator.ActiveCfg = Debug|Any CPU
		{73C36935-9904-4E92-9922-9A72C2F15229}.Debug|iPhoneSimulator.Build.0 = Debug|Any CPU
		{73C36935-9904-4E92-9922-9A72C2F15229}.Debug|x64.ActiveCfg = Debug|Any CPU
		{73C36935-9904-4E92-9922-9A72C2F15229}.Debug|x64.Build.0 = Debug|Any CPU
		{73C36935-9904-4E92-9922-9A72C2F15229}.Debug|x86.ActiveCfg = Debug|Any CPU
		{73C36935-9904-4E92-9922-9A72C2F15229}.Debug|x86.Build.0 = Debug|Any CPU
		{73C36935-9904-4E92-9922-9A72C2F15229}.Release|Any CPU.ActiveCfg = Release|Any CPU
		{73C36935-9904-4E92-9922-9A72C2F15229}.Release|Any CPU.Build.0 = Release|Any CPU
		{73C36935-9904-4E92-9922-9A72C2F15229}.Release|ARM.ActiveCfg = Release|Any CPU
		{73C36935-9904-4E92-9922-9A72C2F15229}.Release|ARM.Build.0 = Release|Any CPU
		{73C36935-9904-4E92-9922-9A72C2F15229}.Release|iPhone.ActiveCfg = Release|Any CPU
		{73C36935-9904-4E92-9922-9A72C2F15229}.Release|iPhone.Build.0 = Release|Any CPU
		{73C36935-9904-4E92-9922-9A72C2F15229}.Release|iPhoneSimulator.ActiveCfg = Release|Any CPU
		{73C36935-9904-4E92-9922-9A72C2F15229}.Release|iPhoneSimulator.Build.0 = Release|Any CPU
		{73C36935-9904-4E92-9922-9A72C2F15229}.Release|x64.ActiveCfg = Release|Any CPU
		{73C36935-9904-4E92-9922-9A72C2F15229}.Release|x64.Build.0 = Release|Any CPU
		{73C36935-9904-4E92-9922-9A72C2F15229}.Release|x86.ActiveCfg = Release|Any CPU
		{73C36935-9904-4E92-9922-9A72C2F15229}.Release|x86.Build.0 = Release|Any CPU
	EndGlobalSection
	GlobalSection(SolutionProperties) = preSolution
		HideSolutionNode = FALSE
	EndGlobalSection
	GlobalSection(ExtensibilityGlobals) = postSolution
		SolutionGuid = {FF5D3397-187D-4196-B72C-742B4E10195B}
	EndGlobalSection
EndGlobal
